// !$*UTF8*$!
{
	archiveVersion = 1;
	classes = {
	};
	objectVersion = 46;
	objects = {

/* Begin PBXBuildFile section */
		196EFAED1E9C7EF7006C01F6 /* main.m in Sources */ = {isa = PBXBuildFile; fileRef = 196EFAEC1E9C7EF7006C01F6 /* main.m */; };
		196EFAF01E9C7EF7006C01F6 /* AppDelegate.m in Sources */ = {isa = PBXBuildFile; fileRef = 196EFAEF1E9C7EF7006C01F6 /* AppDelegate.m */; };
		196EFAF31E9C7EF7006C01F6 /* ViewController.m in Sources */ = {isa = PBXBuildFile; fileRef = 196EFAF21E9C7EF7006C01F6 /* ViewController.m */; };
		196EFAF61E9C7EF7006C01F6 /* Main.storyboard in Resources */ = {isa = PBXBuildFile; fileRef = 196EFAF41E9C7EF7006C01F6 /* Main.storyboard */; };
		196EFAF81E9C7EF7006C01F6 /* Assets.xcassets in Resources */ = {isa = PBXBuildFile; fileRef = 196EFAF71E9C7EF7006C01F6 /* Assets.xcassets */; };
		196EFAFB1E9C7EF7006C01F6 /* LaunchScreen.storyboard in Resources */ = {isa = PBXBuildFile; fileRef = 196EFAF91E9C7EF7006C01F6 /* LaunchScreen.storyboard */; };
		196EFB061E9C7EF7006C01F6 /* JSON1Tests.m in Sources */ = {isa = PBXBuildFile; fileRef = 196EFB051E9C7EF7006C01F6 /* JSON1Tests.m */; };
		196EFB111E9C7EF7006C01F6 /* JSON1UITests.m in Sources */ = {isa = PBXBuildFile; fileRef = 196EFB101E9C7EF7006C01F6 /* JSON1UITests.m */; };
/* End PBXBuildFile section */

/* Begin PBXContainerItemProxy section */
		196EFB021E9C7EF7006C01F6 /* PBXContainerItemProxy */ = {
			isa = PBXContainerItemProxy;
			containerPortal = 196EFAE01E9C7EF7006C01F6 /* Project object */;
			proxyType = 1;
			remoteGlobalIDString = 196EFAE71E9C7EF7006C01F6;
			remoteInfo = JSON1;
		};
		196EFB0D1E9C7EF7006C01F6 /* PBXContainerItemProxy */ = {
			isa = PBXContainerItemProxy;
			containerPortal = 196EFAE01E9C7EF7006C01F6 /* Project object */;
			proxyType = 1;
			remoteGlobalIDString = 196EFAE71E9C7EF7006C01F6;
			remoteInfo = JSON1;
		};
/* End PBXContainerItemProxy section */

/* Begin PBXFileReference section */
		196EFAE81E9C7EF7006C01F6 /* JSON1.app */ = {isa = PBXFileReference; explicitFileType = wrapper.application; includeInIndex = 0; path = JSON1.app; sourceTree = BUILT_PRODUCTS_DIR; };
		196EFAEC1E9C7EF7006C01F6 /* main.m */ = {isa = PBXFileReference; lastKnownFileType = sourcecode.c.objc; path = main.m; sourceTree = "<group>"; };
		196EFAEE1E9C7EF7006C01F6 /* AppDelegate.h */ = {isa = PBXFileReference; lastKnownFileType = sourcecode.c.h; path = AppDelegate.h; sourceTree = "<group>"; };
		196EFAEF1E9C7EF7006C01F6 /* AppDelegate.m */ = {isa = PBXFileReference; lastKnownFileType = sourcecode.c.objc; path = AppDelegate.m; sourceTree = "<group>"; };
		196EFAF11E9C7EF7006C01F6 /* ViewController.h */ = {isa = PBXFileReference; lastKnownFileType = sourcecode.c.h; path = ViewController.h; sourceTree = "<group>"; };
		196EFAF21E9C7EF7006C01F6 /* ViewController.m */ = {isa = PBXFileReference; lastKnownFileType = sourcecode.c.objc; path = ViewController.m; sourceTree = "<group>"; };
		196EFAF51E9C7EF7006C01F6 /* Base */ = {isa = PBXFileReference; lastKnownFileType = file.storyboard; name = Base; path = Base.lproj/Main.storyboard; sourceTree = "<group>"; };
		196EFAF71E9C7EF7006C01F6 /* Assets.xcassets */ = {isa = PBXFileReference; lastKnownFileType = folder.assetcatalog; path = Assets.xcassets; sourceTree = "<group>"; };
		196EFAFA1E9C7EF7006C01F6 /* Base */ = {isa = PBXFileReference; lastKnownFileType = file.storyboard; name = Base; path = Base.lproj/LaunchScreen.storyboard; sourceTree = "<group>"; };
		196EFAFC1E9C7EF7006C01F6 /* Info.plist */ = {isa = PBXFileReference; lastKnownFileType = text.plist.xml; path = Info.plist; sourceTree = "<group>"; };
		196EFB011E9C7EF7006C01F6 /* JSON1Tests.xctest */ = {isa = PBXFileReference; explicitFileType = wrapper.cfbundle; includeInIndex = 0; path = JSON1Tests.xctest; sourceTree = BUILT_PRODUCTS_DIR; };
		196EFB051E9C7EF7006C01F6 /* JSON1Tests.m */ = {isa = PBXFileReference; lastKnownFileType = sourcecode.c.objc; path = JSON1Tests.m; sourceTree = "<group>"; };
		196EFB071E9C7EF7006C01F6 /* Info.plist */ = {isa = PBXFileReference; lastKnownFileType = text.plist.xml; path = Info.plist; sourceTree = "<group>"; };
		196EFB0C1E9C7EF7006C01F6 /* JSON1UITests.xctest */ = {isa = PBXFileReference; explicitFileType = wrapper.cfbundle; includeInIndex = 0; path = JSON1UITests.xctest; sourceTree = BUILT_PRODUCTS_DIR; };
		196EFB101E9C7EF7006C01F6 /* JSON1UITests.m */ = {isa = PBXFileReference; lastKnownFileType = sourcecode.c.objc; path = JSON1UITests.m; sourceTree = "<group>"; };
		196EFB121E9C7EF7006C01F6 /* Info.plist */ = {isa = PBXFileReference; lastKnownFileType = text.plist.xml; path = Info.plist; sourceTree = "<group>"; };
/* End PBXFileReference section */

/* Begin PBXFrameworksBuildPhase section */
		196EFAE51E9C7EF7006C01F6 /* Frameworks */ = {
			isa = PBXFrameworksBuildPhase;
			buildActionMask = 2147483647;
			files = (
			);
			runOnlyForDeploymentPostprocessing = 0;
		};
		196EFAFE1E9C7EF7006C01F6 /* Frameworks */ = {
			isa = PBXFrameworksBuildPhase;
			buildActionMask = 2147483647;
			files = (
			);
			runOnlyForDeploymentPostprocessing = 0;
		};
		196EFB091E9C7EF7006C01F6 /* Frameworks */ = {
			isa = PBXFrameworksBuildPhase;
			buildActionMask = 2147483647;
			files = (
			);
			runOnlyForDeploymentPostprocessing = 0;
		};
/* End PBXFrameworksBuildPhase section */

/* Begin PBXGroup section */
		196EFADF1E9C7EF7006C01F6 = {
			isa = PBXGroup;
			children = (
				196EFAEA1E9C7EF7006C01F6 /* JSON1 */,
				196EFB041E9C7EF7006C01F6 /* JSON1Tests */,
				196EFB0F1E9C7EF7006C01F6 /* JSON1UITests */,
				196EFAE91E9C7EF7006C01F6 /* Products */,
			);
			sourceTree = "<group>";
		};
		196EFAE91E9C7EF7006C01F6 /* Products */ = {
			isa = PBXGroup;
			children = (
				196EFAE81E9C7EF7006C01F6 /* JSON1.app */,
				196EFB011E9C7EF7006C01F6 /* JSON1Tests.xctest */,
				196EFB0C1E9C7EF7006C01F6 /* JSON1UITests.xctest */,
			);
			name = Products;
			sourceTree = "<group>";
		};
		196EFAEA1E9C7EF7006C01F6 /* JSON1 */ = {
			isa = PBXGroup;
			children = (
				196EFAEE1E9C7EF7006C01F6 /* AppDelegate.h */,
				196EFAEF1E9C7EF7006C01F6 /* AppDelegate.m */,
				196EFAF11E9C7EF7006C01F6 /* ViewController.h */,
				196EFAF21E9C7EF7006C01F6 /* ViewController.m */,
				196EFAF41E9C7EF7006C01F6 /* Main.storyboard */,
				196EFAF71E9C7EF7006C01F6 /* Assets.xcassets */,
				196EFAF91E9C7EF7006C01F6 /* LaunchScreen.storyboard */,
				196EFAFC1E9C7EF7006C01F6 /* Info.plist */,
				196EFAEB1E9C7EF7006C01F6 /* Supporting Files */,
			);
			path = JSON1;
			sourceTree = "<group>";
		};
		196EFAEB1E9C7EF7006C01F6 /* Supporting Files */ = {
			isa = PBXGroup;
			children = (
				196EFAEC1E9C7EF7006C01F6 /* main.m */,
			);
			name = "Supporting Files";
			sourceTree = "<group>";
		};
		196EFB041E9C7EF7006C01F6 /* JSON1Tests */ = {
			isa = PBXGroup;
			children = (
				196EFB051E9C7EF7006C01F6 /* JSON1Tests.m */,
				196EFB071E9C7EF7006C01F6 /* Info.plist */,
			);
			path = JSON1Tests;
			sourceTree = "<group>";
		};
		196EFB0F1E9C7EF7006C01F6 /* JSON1UITests */ = {
			isa = PBXGroup;
			children = (
				196EFB101E9C7EF7006C01F6 /* JSON1UITests.m */,
				196EFB121E9C7EF7006C01F6 /* Info.plist */,
			);
			path = JSON1UITests;
			sourceTree = "<group>";
		};
/* End PBXGroup section */

/* Begin PBXNativeTarget section */
		196EFAE71E9C7EF7006C01F6 /* JSON1 */ = {
			isa = PBXNativeTarget;
			buildConfigurationList = 196EFB151E9C7EF7006C01F6 /* Build configuration list for PBXNativeTarget "JSON1" */;
			buildPhases = (
				196EFAE41E9C7EF7006C01F6 /* Sources */,
				196EFAE51E9C7EF7006C01F6 /* Frameworks */,
				196EFAE61E9C7EF7006C01F6 /* Resources */,
			);
			buildRules = (
			);
			dependencies = (
			);
			name = JSON1;
			productName = JSON1;
			productReference = 196EFAE81E9C7EF7006C01F6 /* JSON1.app */;
			productType = "com.apple.product-type.application";
		};
		196EFB001E9C7EF7006C01F6 /* JSON1Tests */ = {
			isa = PBXNativeTarget;
			buildConfigurationList = 196EFB181E9C7EF7006C01F6 /* Build configuration list for PBXNativeTarget "JSON1Tests" */;
			buildPhases = (
				196EFAFD1E9C7EF7006C01F6 /* Sources */,
				196EFAFE1E9C7EF7006C01F6 /* Frameworks */,
				196EFAFF1E9C7EF7006C01F6 /* Resources */,
			);
			buildRules = (
			);
			dependencies = (
				196EFB031E9C7EF7006C01F6 /* PBXTargetDependency */,
			);
			name = JSON1Tests;
			productName = JSON1Tests;
			productReference = 196EFB011E9C7EF7006C01F6 /* JSON1Tests.xctest */;
			productType = "com.apple.product-type.bundle.unit-test";
		};
		196EFB0B1E9C7EF7006C01F6 /* JSON1UITests */ = {
			isa = PBXNativeTarget;
			buildConfigurationList = 196EFB1B1E9C7EF7006C01F6 /* Build configuration list for PBXNativeTarget "JSON1UITests" */;
			buildPhases = (
				196EFB081E9C7EF7006C01F6 /* Sources */,
				196EFB091E9C7EF7006C01F6 /* Frameworks */,
				196EFB0A1E9C7EF7006C01F6 /* Resources */,
			);
			buildRules = (
			);
			dependencies = (
				196EFB0E1E9C7EF7006C01F6 /* PBXTargetDependency */,
			);
			name = JSON1UITests;
			productName = JSON1UITests;
			productReference = 196EFB0C1E9C7EF7006C01F6 /* JSON1UITests.xctest */;
			productType = "com.apple.product-type.bundle.ui-testing";
		};
/* End PBXNativeTarget section */

/* Begin PBXProject section */
		196EFAE01E9C7EF7006C01F6 /* Project object */ = {
			isa = PBXProject;
			attributes = {
				LastUpgradeCheck = 0830;
				ORGANIZATIONNAME = "葛永晖";
				TargetAttributes = {
					196EFAE71E9C7EF7006C01F6 = {
						CreatedOnToolsVersion = 8.3.1;
						DevelopmentTeam = A39RKG94T4;
						ProvisioningStyle = Automatic;
					};
					196EFB001E9C7EF7006C01F6 = {
						CreatedOnToolsVersion = 8.3.1;
						DevelopmentTeam = A39RKG94T4;
						ProvisioningStyle = Automatic;
						TestTargetID = 196EFAE71E9C7EF7006C01F6;
					};
					196EFB0B1E9C7EF7006C01F6 = {
						CreatedOnToolsVersion = 8.3.1;
						DevelopmentTeam = A39RKG94T4;
						ProvisioningStyle = Automatic;
						TestTargetID = 196EFAE71E9C7EF7006C01F6;
					};
				};
			};
			buildConfigurationList = 196EFAE31E9C7EF7006C01F6 /* Build configuration list for PBXProject "JSON1" */;
			compatibilityVersion = "Xcode 3.2";
			developmentRegion = English;
			hasScannedForEncodings = 0;
			knownRegions = (
				en,
				Base,
			);
			mainGroup = 196EFADF1E9C7EF7006C01F6;
			productRefGroup = 196EFAE91E9C7EF7006C01F6 /* Products */;
			projectDirPath = "";
			projectRoot = "";
			targets = (
				196EFAE71E9C7EF7006C01F6 /* JSON1 */,
				196EFB001E9C7EF7006C01F6 /* JSON1Tests */,
				196EFB0B1E9C7EF7006C01F6 /* JSON1UITests */,
			);
		};
/* End PBXProject section */

/* Begin PBXResourcesBuildPhase section */
		196EFAE61E9C7EF7006C01F6 /* Resources */ = {
			isa = PBXResourcesBuildPhase;
			buildActionMask = 2147483647;
			files = (
				196EFAFB1E9C7EF7006C01F6 /* LaunchScreen.storyboard in Resources */,
				196EFAF81E9C7EF7006C01F6 /* Assets.xcassets in Resources */,
				196EFAF61E9C7EF7006C01F6 /* Main.storyboard in Resources */,
			);
			runOnlyForDeploymentPostprocessing = 0;
		};
		196EFAFF1E9C7EF7006C01F6 /* Resources */ = {
			isa = PBXResourcesBuildPhase;
			buildActionMask = 2147483647;
			files = (
			);
			runOnlyForDeploymentPostprocessing = 0;
		};
		196EFB0A1E9C7EF7006C01F6 /* Resources */ = {
			isa = PBXResourcesBuildPhase;
			buildActionMask = 2147483647;
			files = (
			);
			runOnlyForDeploymentPostprocessing = 0;
		};
/* End PBXResourcesBuildPhase section */

/* Begin PBXSourcesBuildPhase section */
		196EFAE41E9C7EF7006C01F6 /* Sources */ = {
			isa = PBXSourcesBuildPhase;
			buildActionMask = 2147483647;
			files = (
				196EFAF31E9C7EF7006C01F6 /* ViewController.m in Sources */,
				196EFAF01E9C7EF7006C01F6 /* AppDelegate.m in Sources */,
				196EFAED1E9C7EF7006C01F6 /* main.m in Sources */,
			);
			runOnlyForDeploymentPostprocessing = 0;
		};
		196EFAFD1E9C7EF7006C01F6 /* Sources */ = {
			isa = PBXSourcesBuildPhase;
			buildActionMask = 2147483647;
			files = (
				196EFB061E9C7EF7006C01F6 /* JSON1Tests.m in Sources */,
			);
			runOnlyForDeploymentPostprocessing = 0;
		};
		196EFB081E9C7EF7006C01F6 /* Sources */ = {
			isa = PBXSourcesBuildPhase;
			buildActionMask = 2147483647;
			files = (
				196EFB111E9C7EF7006C01F6 /* JSON1UITests.m in Sources */,
			);
			runOnlyForDeploymentPostprocessing = 0;
		};
/* End PBXSourcesBuildPhase section */

/* Begin PBXTargetDependency section */
		196EFB031E9C7EF7006C01F6 /* PBXTargetDependency */ = {
			isa = PBXTargetDependency;
			target = 196EFAE71E9C7EF7006C01F6 /* JSON1 */;
			targetProxy = 196EFB021E9C7EF7006C01F6 /* PBXContainerItemProxy */;
		};
		196EFB0E1E9C7EF7006C01F6 /* PBXTargetDependency */ = {
			isa = PBXTargetDependency;
			target = 196EFAE71E9C7EF7006C01F6 /* JSON1 */;
			targetProxy = 196EFB0D1E9C7EF7006C01F6 /* PBXContainerItemProxy */;
		};
/* End PBXTargetDependency section */

/* Begin PBXVariantGroup section */
		196EFAF41E9C7EF7006C01F6 /* Main.storyboard */ = {
			isa = PBXVariantGroup;
			children = (
				196EFAF51E9C7EF7006C01F6 /* Base */,
			);
			name = Main.storyboard;
			sourceTree = "<group>";
		};
		196EFAF91E9C7EF7006C01F6 /* LaunchScreen.storyboard */ = {
			isa = PBXVariantGroup;
			children = (
				196EFAFA1E9C7EF7006C01F6 /* Base */,
			);
			name = LaunchScreen.storyboard;
			sourceTree = "<group>";
		};
/* End PBXVariantGroup section */

/* Begin XCBuildConfiguration section */
		196EFB131E9C7EF7006C01F6 /* Debug */ = {
			isa = XCBuildConfiguration;
			buildSettings = {
				ALWAYS_SEARCH_USER_PATHS = NO;
				CLANG_ANALYZER_NONNULL = YES;
				CLANG_ANALYZER_NUMBER_OBJECT_CONVERSION = YES_AGGRESSIVE;
				CLANG_CXX_LANGUAGE_STANDARD = "gnu++0x";
				CLANG_CXX_LIBRARY = "libc++";
				CLANG_ENABLE_MODULES = YES;
				CLANG_ENABLE_OBJC_ARC = YES;
				CLANG_WARN_BOOL_CONVERSION = YES;
				CLANG_WARN_CONSTANT_CONVERSION = YES;
				CLANG_WARN_DIRECT_OBJC_ISA_USAGE = YES_ERROR;
				CLANG_WARN_DOCUMENTATION_COMMENTS = YES;
				CLANG_WARN_EMPTY_BODY = YES;
				CLANG_WARN_ENUM_CONVERSION = YES;
				CLANG_WARN_INFINITE_RECURSION = YES;
				CLANG_WARN_INT_CONVERSION = YES;
				CLANG_WARN_OBJC_ROOT_CLASS = YES_ERROR;
				CLANG_WARN_SUSPICIOUS_MOVE = YES;
				CLANG_WARN_UNREACHABLE_CODE = YES;
				CLANG_WARN__DUPLICATE_METHOD_MATCH = YES;
				"CODE_SIGN_IDENTITY[sdk=iphoneos*]" = "iPhone Developer";
				COPY_PHASE_STRIP = NO;
				DEBUG_INFORMATION_FORMAT = dwarf;
				ENABLE_STRICT_OBJC_MSGSEND = YES;
				ENABLE_TESTABILITY = YES;
				GCC_C_LANGUAGE_STANDARD = gnu99;
				GCC_DYNAMIC_NO_PIC = NO;
				GCC_NO_COMMON_BLOCKS = YES;
				GCC_OPTIMIZATION_LEVEL = 0;
				GCC_PREPROCESSOR_DEFINITIONS = (
					"DEBUG=1",
					"$(inherited)",
				);
				GCC_WARN_64_TO_32_BIT_CONVERSION = YES;
				GCC_WARN_ABOUT_RETURN_TYPE = YES_ERROR;
				GCC_WARN_UNDECLARED_SELECTOR = YES;
				GCC_WARN_UNINITIALIZED_AUTOS = YES_AGGRESSIVE;
				GCC_WARN_UNUSED_FUNCTION = YES;
				GCC_WARN_UNUSED_VARIABLE = YES;
				IPHONEOS_DEPLOYMENT_TARGET = 10.3;
				MTL_ENABLE_DEBUG_INFO = YES;
				ONLY_ACTIVE_ARCH = YES;
				SDKROOT = iphoneos;
			};
			name = Debug;
		};
		196EFB141E9C7EF7006C01F6 /* Release */ = {
			isa = XCBuildConfiguration;
			buildSettings = {
				ALWAYS_SEARCH_USER_PATHS = NO;
				CLANG_ANALYZER_NONNULL = YES;
				CLANG_ANALYZER_NUMBER_OBJECT_CONVERSION = YES_AGGRESSIVE;
				CLANG_CXX_LANGUAGE_STANDARD = "gnu++0x";
				CLANG_CXX_LIBRARY = "libc++";
				CLANG_ENABLE_MODULES = YES;
				CLANG_ENABLE_OBJC_ARC = YES;
				CLANG_WARN_BOOL_CONVERSION = YES;
				CLANG_WARN_CONSTANT_CONVERSION = YES;
				CLANG_WARN_DIRECT_OBJC_ISA_USAGE = YES_ERROR;
				CLANG_WARN_DOCUMENTATION_COMMENTS = YES;
				CLANG_WARN_EMPTY_BODY = YES;
				CLANG_WARN_ENUM_CONVERSION = YES;
				CLANG_WARN_INFINITE_RECURSION = YES;
				CLANG_WARN_INT_CONVERSION = YES;
				CLANG_WARN_OBJC_ROOT_CLASS = YES_ERROR;
				CLANG_WARN_SUSPICIOUS_MOVE = YES;
				CLANG_WARN_UNREACHABLE_CODE = YES;
				CLANG_WARN__DUPLICATE_METHOD_MATCH = YES;
				"CODE_SIGN_IDENTITY[sdk=iphoneos*]" = "iPhone Developer";
				COPY_PHASE_STRIP = NO;
				DEBUG_INFORMATION_FORMAT = "dwarf-with-dsym";
				ENABLE_NS_ASSERTIONS = NO;
				ENABLE_STRICT_OBJC_MSGSEND = YES;
				GCC_C_LANGUAGE_STANDARD = gnu99;
				GCC_NO_COMMON_BLOCKS = YES;
				GCC_WARN_64_TO_32_BIT_CONVERSION = YES;
				GCC_WARN_ABOUT_RETURN_TYPE = YES_ERROR;
				GCC_WARN_UNDECLARED_SELECTOR = YES;
				GCC_WARN_UNINITIALIZED_AUTOS = YES_AGGRESSIVE;
				GCC_WARN_UNUSED_FUNCTION = YES;
				GCC_WARN_UNUSED_VARIABLE = YES;
				IPHONEOS_DEPLOYMENT_TARGET = 10.3;
				MTL_ENABLE_DEBUG_INFO = NO;
				SDKROOT = iphoneos;
				VALIDATE_PRODUCT = YES;
			};
			name = Release;
		};
		196EFB161E9C7EF7006C01F6 /* Debug */ = {
			isa = XCBuildConfiguration;
			buildSettings = {
				ASSETCATALOG_COMPILER_APPICON_NAME = AppIcon;
				DEVELOPMENT_TEAM = A39RKG94T4;
				INFOPLIST_FILE = JSON1/Info.plist;
				LD_RUNPATH_SEARCH_PATHS = "$(inherited) @executable_path/Frameworks";
				PRODUCT_BUNDLE_IDENTIFIER = yonghuige.JSON1;
				PRODUCT_NAME = "$(TARGET_NAME)";
			};
			name = Debug;
		};
		196EFB171E9C7EF7006C01F6 /* Release */ = {
			isa = XCBuildConfiguration;
			buildSettings = {
				ASSETCATALOG_COMPILER_APPICON_NAME = AppIcon;
				DEVELOPMENT_TEAM = A39RKG94T4;
				INFOPLIST_FILE = JSON1/Info.plist;
				LD_RUNPATH_SEARCH_PATHS = "$(inherited) @executable_path/Frameworks";
				PRODUCT_BUNDLE_IDENTIFIER = yonghuige.JSON1;
				PRODUCT_NAME = "$(TARGET_NAME)";
			};
			name = Release;
		};
		196EFB191E9C7EF7006C01F6 /* Debug */ = {
			isa = XCBuildConfiguration;
			buildSettings = {
				BUNDLE_LOADER = "$(TEST_HOST)";
				DEVELOPMENT_TEAM = A39RKG94T4;
				INFOPLIST_FILE = JSON1Tests/Info.plist;
				LD_RUNPATH_SEARCH_PATHS = "$(inherited) @executable_path/Frameworks @loader_path/Frameworks";
				PRODUCT_BUNDLE_IDENTIFIER = yonghuige.JSON1Tests;
				PRODUCT_NAME = "$(TARGET_NAME)";
				TEST_HOST = "$(BUILT_PRODUCTS_DIR)/JSON1.app/JSON1";
			};
			name = Debug;
		};
		196EFB1A1E9C7EF7006C01F6 /* Release */ = {
			isa = XCBuildConfiguration;
			buildSettings = {
				BUNDLE_LOADER = "$(TEST_HOST)";
				DEVELOPMENT_TEAM = A39RKG94T4;
				INFOPLIST_FILE = JSON1Tests/Info.plist;
				LD_RUNPATH_SEARCH_PATHS = "$(inherited) @executable_path/Frameworks @loader_path/Frameworks";
				PRODUCT_BUNDLE_IDENTIFIER = yonghuige.JSON1Tests;
				PRODUCT_NAME = "$(TARGET_NAME)";
				TEST_HOST = "$(BUILT_PRODUCTS_DIR)/JSON1.app/JSON1";
			};
			name = Release;
		};
		196EFB1C1E9C7EF7006C01F6 /* Debug */ = {
			isa = XCBuildConfiguration;
			buildSettings = {
				DEVELOPMENT_TEAM = A39RKG94T4;
				INFOPLIST_FILE = JSON1UITests/Info.plist;
				LD_RUNPATH_SEARCH_PATHS = "$(inherited) @executable_path/Frameworks @loader_path/Frameworks";
				PRODUCT_BUNDLE_IDENTIFIER = yonghuige.JSON1UITests;
				PRODUCT_NAME = "$(TARGET_NAME)";
				TEST_TARGET_NAME = JSON1;
			};
			name = Debug;
		};
		196EFB1D1E9C7EF7006C01F6 /* Release */ = {
			isa = XCBuildConfiguration;
			buildSettings = {
				DEVELOPMENT_TEAM = A39RKG94T4;
				INFOPLIST_FILE = JSON1UITests/Info.plist;
				LD_RUNPATH_SEARCH_PATHS = "$(inherited) @executable_path/Frameworks @loader_path/Frameworks";
				PRODUCT_BUNDLE_IDENTIFIER = yonghuige.JSON1UITests;
				PRODUCT_NAME = "$(TARGET_NAME)";
				TEST_TARGET_NAME = JSON1;
			};
			name = Release;
		};
/* End XCBuildConfiguration section */

/* Begin XCConfigurationList section */
		196EFAE31E9C7EF7006C01F6 /* Build configuration list for PBXProject "JSON1" */ = {
			isa = XCConfigurationList;
			buildConfigurations = (
				196EFB131E9C7EF7006C01F6 /* Debug */,
				196EFB141E9C7EF7006C01F6 /* Release */,
			);
			defaultConfigurationIsVisible = 0;
			defaultConfigurationName = Release;
		};
		196EFB151E9C7EF7006C01F6 /* Build configuration list for PBXNativeTarget "JSON1" */ = {
			isa = XCConfigurationList;
			buildConfigurations = (
				196EFB161E9C7EF7006C01F6 /* Debug */,
				196EFB171E9C7EF7006C01F6 /* Release */,
			);
			defaultConfigurationIsVisible = 0;
		};
		196EFB181E9C7EF7006C01F6 /* Build configuration list for PBXNativeTarget "JSON1Tests" */ = {
			isa = XCConfigurationList;
			buildConfigurations = (
				196EFB191E9C7EF7006C01F6 /* Debug */,
				196EFB1A1E9C7EF7006C01F6 /* Release */,
			);
			defaultConfigurationIsVisible = 0;
		};
		196EFB1B1E9C7EF7006C01F6 /* Build configuration list for PBXNativeTarget "JSON1UITests" */ = {
			isa = XCConfigurationList;
			buildConfigurations = (
				196EFB1C1E9C7EF7006C01F6 /* Debug */,
				196EFB1D1E9C7EF7006C01F6 /* Release */,
			);
			defaultConfigurationIsVisible = 0;
		};
/* End XCConfigurationList section */
	};
	rootObject = 196EFAE01E9C7EF7006C01F6 /* Project object */;
}
